
Microsoft Visual Studio Solution File, Format Version 12.00
# Visual Studio Version 16
VisualStudioVersion = 16.0.30717.126
MinimumVisualStudioVersion = 10.0.40219.1
Project("{FAE04EC0-301F-11D3-BF4B-00C04F79EFBC}") = "ASPnet MVC", "ASPnet MVC.csproj", "{C50996FC-F628-4DDB-B020-1C365A639AB5}"
EndProject
Global
	GlobalSection(SolutionConfigurationPlatforms) = preSolution
		Debug|Any CPU = Debug|Any CPU
		Release|Any CPU = Release|Any CPU
	EndGlobalSection
	GlobalSection(ProjectConfigurationPlatforms) = postSolution
		{C50996FC-F628-4DDB-B020-1C365A639AB5}.Debug|Any CPU.ActiveCfg = Debug|Any CPU
		{C50996FC-F628-4DDB-B020-1C365A639AB5}.Debug|Any CPU.Build.0 = Debug|Any CPU
		{C50996FC-F628-4DDB-B020-1C365A639AB5}.Release|Any CPU.ActiveCfg = Release|Any CPU
		{C50996FC-F628-4DDB-B020-1C365A639AB5}.Release|Any CPU.Build.0 = Release|Any CPU
	EndGlobalSection
	GlobalSection(SolutionProperties) = preSolution
		HideSolutionNode = FALSE
	EndGlobalSection
	GlobalSection(ExtensibilityGlobals) = postSolution
		SolutionGuid = {AB20C27C-B682-4C26-ADC3-C0CB410CA1CF}
	EndGlobalSection
EndGlobal
