
Microsoft Visual Studio Solution File, Format Version 12.00
# Visual Studio Version 16
VisualStudioVersion = 16.0.30907.101
MinimumVisualStudioVersion = 10.0.40219.1
Project("{FAE04EC0-301F-11D3-BF4B-00C04F79EFBC}") = "2dgame", "2dgame\2dgame.csproj", "{61B74DA5-ED97-435A-BC49-71BC4AB6895B}"
EndProject
Project("{FAE04EC0-301F-11D3-BF4B-00C04F79EFBC}") = "GameFramework", "GameFramework\GameFramework.csproj", "{A8E95548-A359-46EF-9317-0F8E3B12DB52}"
EndProject
Project("{FAE04EC0-301F-11D3-BF4B-00C04F79EFBC}") = "Framework", "Library\Framework.csproj", "{5C034AE7-252B-4870-B955-06B135B778D3}"
EndProject
Global
	GlobalSection(SolutionConfigurationPlatforms) = preSolution
		Debug|Any CPU = Debug|Any CPU
		Release|Any CPU = Release|Any CPU
	EndGlobalSection
	GlobalSection(ProjectConfigurationPlatforms) = postSolution
		{61B74DA5-ED97-435A-BC49-71BC4AB6895B}.Debug|Any CPU.ActiveCfg = Debug|Any CPU
		{61B74DA5-ED97-435A-BC49-71BC4AB6895B}.Debug|Any CPU.Build.0 = Debug|Any CPU
		{61B74DA5-ED97-435A-BC49-71BC4AB6895B}.Release|Any CPU.ActiveCfg = Release|Any CPU
		{61B74DA5-ED97-435A-BC49-71BC4AB6895B}.Release|Any CPU.Build.0 = Release|Any CPU
		{A8E95548-A359-46EF-9317-0F8E3B12DB52}.Debug|Any CPU.ActiveCfg = Debug|Any CPU
		{A8E95548-A359-46EF-9317-0F8E3B12DB52}.Debug|Any CPU.Build.0 = Debug|Any CPU
		{A8E95548-A359-46EF-9317-0F8E3B12DB52}.Release|Any CPU.ActiveCfg = Release|Any CPU
		{A8E95548-A359-46EF-9317-0F8E3B12DB52}.Release|Any CPU.Build.0 = Release|Any CPU
		{5C034AE7-252B-4870-B955-06B135B778D3}.Debug|Any CPU.ActiveCfg = Debug|Any CPU
		{5C034AE7-252B-4870-B955-06B135B778D3}.Debug|Any CPU.Build.0 = Debug|Any CPU
		{5C034AE7-252B-4870-B955-06B135B778D3}.Release|Any CPU.ActiveCfg = Release|Any CPU
		{5C034AE7-252B-4870-B955-06B135B778D3}.Release|Any CPU.Build.0 = Release|Any CPU
	EndGlobalSection
	GlobalSection(SolutionProperties) = preSolution
		HideSolutionNode = FALSE
	EndGlobalSection
	GlobalSection(ExtensibilityGlobals) = postSolution
		SolutionGuid = {EECA1292-90D6-4BDF-81B6-744FA166E665}
	EndGlobalSection
EndGlobal
