
Microsoft Visual Studio Solution File, Format Version 12.00
# Visual Studio Version 16
VisualStudioVersion = 16.0.30717.126
MinimumVisualStudioVersion = 10.0.40219.1
Project("{FAE04EC0-301F-11D3-BF4B-00C04F79EFBC}") = "phonenumber", "phonenumber.csproj", "{279DA02B-62E0-4225-B2A5-481102ECC0AB}"
EndProject
Global
	GlobalSection(SolutionConfigurationPlatforms) = preSolution
		Debug|Any CPU = Debug|Any CPU
		Release|Any CPU = Release|Any CPU
	EndGlobalSection
	GlobalSection(ProjectConfigurationPlatforms) = postSolution
		{279DA02B-62E0-4225-B2A5-481102ECC0AB}.Debug|Any CPU.ActiveCfg = Debug|Any CPU
		{279DA02B-62E0-4225-B2A5-481102ECC0AB}.Debug|Any CPU.Build.0 = Debug|Any CPU
		{279DA02B-62E0-4225-B2A5-481102ECC0AB}.Release|Any CPU.ActiveCfg = Release|Any CPU
		{279DA02B-62E0-4225-B2A5-481102ECC0AB}.Release|Any CPU.Build.0 = Release|Any CPU
	EndGlobalSection
	GlobalSection(SolutionProperties) = preSolution
		HideSolutionNode = FALSE
	EndGlobalSection
	GlobalSection(ExtensibilityGlobals) = postSolution
		SolutionGuid = {DCC6FD97-50B0-4EBD-94D7-35E573E18D53}
	EndGlobalSection
EndGlobal
